<?xml version="1.0" encoding="utf-8"?>
<Project ToolsVersion="4.0" xmlns="http://schemas.microsoft.com/developer/msbuild/2003">
  <ItemGroup>
    <Filter Include="vasm-compiler">
      <UniqueIdentifier>{be0773d1-a6f9-4ec8-ab1e-eabc19465bc3}</UniqueIdentifier>
    </Filter>
    <Filter Include="vasm-compiler\lexer">
      <UniqueIdentifier>{c50cc08b-549a-47e2-9880-b77aaa7160cb}</UniqueIdentifier>
    </Filter>
  </ItemGroup>
  <ItemGroup>
    <ClInclude Include="vasm-compiler.h">
      <Filter>vasm-compiler</Filter>
    </ClInclude>
    <ClInclude Include="vasm-helper.h">
      <Filter>vasm-compiler</Filter>
    </ClInclude>
    <ClInclude Include="lexer\vasm.lexical.h">
      <Filter>vasm-compiler\lexer</Filter>
    </ClInclude>
    <ClInclude Include="lexer\vasm.lexical.token.h">
      <Filter>vasm-compiler\lexer</Filter>
    </ClInclude>
    <ClInclude Include="lexer\vasm.info.h">
      <Filter>vasm-compiler\lexer</Filter>
    </ClInclude>
    <ClInclude Include="vasm-vm.h">
      <Filter>vasm-compiler</Filter>
    </ClInclude>
  </ItemGroup>
  <ItemGroup>
    <ClCompile Include="vasm-compiler.cpp">
      <Filter>vasm-compiler</Filter>
    </ClCompile>
    <ClCompile Include="vasm-helper.cpp">
      <Filter>vasm-compiler</Filter>
    </ClCompile>
    <ClCompile Include="main.cpp" />
    <ClCompile Include="lexer\vasm.lexical.cc">
      <Filter>vasm-compiler\lexer</Filter>
    </ClCompile>
    <ClCompile Include="lexer\vasm.lexical.token.cc">
      <Filter>vasm-compiler\lexer</Filter>
    </ClCompile>
    <ClCompile Include="lexer\vasm.info.cc">
      <Filter>vasm-compiler\lexer</Filter>
    </ClCompile>
    <ClCompile Include="vasm-vm.cpp" />
  </ItemGroup>
</Project>